
Microsoft Visual Studio Solution File, Format Version 12.00
# Visual Studio Version 16
VisualStudioVersion = 16.0.32002.261
MinimumVisualStudioVersion = 10.0.40219.1
Project("{FAE04EC0-301F-11D3-BF4B-00C04F79EFBC}") = "HalozatBeadando", "HalozatBeadando\HalozatBeadando.csproj", "{38137A6B-3F98-4350-8E4D-38719A29A08D}"
EndProject
Global
	GlobalSection(SolutionConfigurationPlatforms) = preSolution
		Debug|Any CPU = Debug|Any CPU
		Release|Any CPU = Release|Any CPU
	EndGlobalSection
	GlobalSection(ProjectConfigurationPlatforms) = postSolution
		{38137A6B-3F98-4350-8E4D-38719A29A08D}.Debug|Any CPU.ActiveCfg = Debug|Any CPU
		{38137A6B-3F98-4350-8E4D-38719A29A08D}.Debug|Any CPU.Build.0 = Debug|Any CPU
		{38137A6B-3F98-4350-8E4D-38719A29A08D}.Release|Any CPU.ActiveCfg = Release|Any CPU
		{38137A6B-3F98-4350-8E4D-38719A29A08D}.Release|Any CPU.Build.0 = Release|Any CPU
	EndGlobalSection
	GlobalSection(SolutionProperties) = preSolution
		HideSolutionNode = FALSE
	EndGlobalSection
	GlobalSection(ExtensibilityGlobals) = postSolution
		SolutionGuid = {95D88351-1A8F-4271-8963-CED1C645FED5}
	EndGlobalSection
EndGlobal
